
Microsoft Visual Studio Solution File, Format Version 12.00
# Visual Studio 15
VisualStudioVersion = 15.0.28307.779
MinimumVisualStudioVersion = 10.0.40219.1
Project("{FAE04EC0-301F-11D3-BF4B-00C04F79EFBC}") = "CsharpTodolist", "CsharpTodolist.csproj", "{380BA986-E518-48F3-B060-5086DA1EEB51}"
EndProject
Global
	GlobalSection(SolutionConfigurationPlatforms) = preSolution
		Debug|Any CPU = Debug|Any CPU
		Release|Any CPU = Release|Any CPU
	EndGlobalSection
	GlobalSection(ProjectConfigurationPlatforms) = postSolution
		{380BA986-E518-48F3-B060-5086DA1EEB51}.Debug|Any CPU.ActiveCfg = Debug|Any CPU
		{380BA986-E518-48F3-B060-5086DA1EEB51}.Debug|Any CPU.Build.0 = Debug|Any CPU
		{380BA986-E518-48F3-B060-5086DA1EEB51}.Release|Any CPU.ActiveCfg = Release|Any CPU
		{380BA986-E518-48F3-B060-5086DA1EEB51}.Release|Any CPU.Build.0 = Release|Any CPU
	EndGlobalSection
	GlobalSection(SolutionProperties) = preSolution
		HideSolutionNode = FALSE
	EndGlobalSection
	GlobalSection(ExtensibilityGlobals) = postSolution
		SolutionGuid = {CDC91966-924C-4EEC-A4F2-445161AB36EC}
	EndGlobalSection
EndGlobal
